
Microsoft Visual Studio Solution File, Format Version 12.00
# Visual Studio 15
VisualStudioVersion = 15.0.27130.2020
MinimumVisualStudioVersion = 10.0.40219.1
Project("{9A19103F-16F7-4668-BE54-9A1E7A4F7556}") = "Reactive.Webapi", "Reactive.Webapi\Reactive.Webapi.csproj", "{60E1F4CA-D893-40A3-9CDB-FAE9D17892DD}"
EndProject
Project("{9A19103F-16F7-4668-BE54-9A1E7A4F7556}") = "Reactive.BLL", "Reactive.BLL\Reactive.BLL.csproj", "{498FD690-EC86-4073-9791-1766762BDFBF}"
EndProject
Project("{9A19103F-16F7-4668-BE54-9A1E7A4F7556}") = "Reactive.UserIdentity", "Reactive.UserIdentity\Reactive.UserIdentity.csproj", "{E8ECE1F9-3CE1-4618-9AE9-A6FFA2D8F010}"
EndProject
Project("{9A19103F-16F7-4668-BE54-9A1E7A4F7556}") = "Reactive.DAL", "Reactive.DAL\Reactive.DAL.csproj", "{04B2DF84-9893-4C91-81FE-87C40ED5F362}"
EndProject
Project("{9A19103F-16F7-4668-BE54-9A1E7A4F7556}") = "Reactive.Models", "Reactive.Models\Reactive.Models.csproj", "{31965E27-E2AC-4390-B82C-C777189C33BC}"
EndProject
Global
	GlobalSection(SolutionConfigurationPlatforms) = preSolution
		Debug|Any CPU = Debug|Any CPU
		Release|Any CPU = Release|Any CPU
	EndGlobalSection
	GlobalSection(ProjectConfigurationPlatforms) = postSolution
		{60E1F4CA-D893-40A3-9CDB-FAE9D17892DD}.Debug|Any CPU.ActiveCfg = Debug|Any CPU
		{60E1F4CA-D893-40A3-9CDB-FAE9D17892DD}.Debug|Any CPU.Build.0 = Debug|Any CPU
		{60E1F4CA-D893-40A3-9CDB-FAE9D17892DD}.Release|Any CPU.ActiveCfg = Release|Any CPU
		{60E1F4CA-D893-40A3-9CDB-FAE9D17892DD}.Release|Any CPU.Build.0 = Release|Any CPU
		{498FD690-EC86-4073-9791-1766762BDFBF}.Debug|Any CPU.ActiveCfg = Debug|Any CPU
		{498FD690-EC86-4073-9791-1766762BDFBF}.Debug|Any CPU.Build.0 = Debug|Any CPU
		{498FD690-EC86-4073-9791-1766762BDFBF}.Release|Any CPU.ActiveCfg = Release|Any CPU
		{498FD690-EC86-4073-9791-1766762BDFBF}.Release|Any CPU.Build.0 = Release|Any CPU
		{E8ECE1F9-3CE1-4618-9AE9-A6FFA2D8F010}.Debug|Any CPU.ActiveCfg = Debug|Any CPU
		{E8ECE1F9-3CE1-4618-9AE9-A6FFA2D8F010}.Debug|Any CPU.Build.0 = Debug|Any CPU
		{E8ECE1F9-3CE1-4618-9AE9-A6FFA2D8F010}.Release|Any CPU.ActiveCfg = Release|Any CPU
		{E8ECE1F9-3CE1-4618-9AE9-A6FFA2D8F010}.Release|Any CPU.Build.0 = Release|Any CPU
		{04B2DF84-9893-4C91-81FE-87C40ED5F362}.Debug|Any CPU.ActiveCfg = Debug|Any CPU
		{04B2DF84-9893-4C91-81FE-87C40ED5F362}.Debug|Any CPU.Build.0 = Debug|Any CPU
		{04B2DF84-9893-4C91-81FE-87C40ED5F362}.Release|Any CPU.ActiveCfg = Release|Any CPU
		{04B2DF84-9893-4C91-81FE-87C40ED5F362}.Release|Any CPU.Build.0 = Release|Any CPU
		{31965E27-E2AC-4390-B82C-C777189C33BC}.Debug|Any CPU.ActiveCfg = Debug|Any CPU
		{31965E27-E2AC-4390-B82C-C777189C33BC}.Debug|Any CPU.Build.0 = Debug|Any CPU
		{31965E27-E2AC-4390-B82C-C777189C33BC}.Release|Any CPU.ActiveCfg = Release|Any CPU
		{31965E27-E2AC-4390-B82C-C777189C33BC}.Release|Any CPU.Build.0 = Release|Any CPU
	EndGlobalSection
	GlobalSection(SolutionProperties) = preSolution
		HideSolutionNode = FALSE
	EndGlobalSection
	GlobalSection(ExtensibilityGlobals) = postSolution
		SolutionGuid = {0FC4F29C-8B85-4974-8894-B3B12E5D5659}
	EndGlobalSection
EndGlobal
